
Microsoft Visual Studio Solution File, Format Version 12.00
# Visual Studio 2013
Project("{FAE04EC0-301F-11D3-BF4B-00C04F79EFBC}") = "UnityVS.Dataspel Unity Project.CSharp", "UnityVS.Dataspel Unity Project.CSharp.csproj", "{2D04C2CA-36B0-1A28-93B7-899DAAF4239E}"
EndProject
Global
	GlobalSection(SolutionConfigurationPlatforms) = preSolution
		Debug|Any CPU = Debug|Any CPU
		Release|Any CPU = Release|Any CPU
	EndGlobalSection
	GlobalSection(ProjectConfigurationPlatforms) = postSolution
		{2D04C2CA-36B0-1A28-93B7-899DAAF4239E}.Debug|Any CPU.ActiveCfg = Debug|Any CPU
		{2D04C2CA-36B0-1A28-93B7-899DAAF4239E}.Debug|Any CPU.Build.0 = Debug|Any CPU
		{2D04C2CA-36B0-1A28-93B7-899DAAF4239E}.Release|Any CPU.ActiveCfg = Release|Any CPU
		{2D04C2CA-36B0-1A28-93B7-899DAAF4239E}.Release|Any CPU.Build.0 = Release|Any CPU
	EndGlobalSection
	GlobalSection(SolutionProperties) = preSolution
		HideSolutionNode = FALSE
	EndGlobalSection
EndGlobal
